
Microsoft Visual Studio Solution File, Format Version 12.00
# Visual Studio Version 16
VisualStudioVersion = 16.0.30011.22
MinimumVisualStudioVersion = 10.0.40219.1
Project("{FAE04EC0-301F-11D3-BF4B-00C04F79EFBC}") = "DahlKata.Core", "DahlKata\DahlKata.Core.csproj", "{B750CA5E-28CB-42F6-A883-7E28D8555F90}"
EndProject
Project("{FAE04EC0-301F-11D3-BF4B-00C04F79EFBC}") = "DahlKata.Test", "DahlKata.Test\DahlKata.Test.csproj", "{30273845-0036-420F-A2CC-ED9BC7FCB2C4}"
EndProject
Global
	GlobalSection(SolutionConfigurationPlatforms) = preSolution
		Debug|Any CPU = Debug|Any CPU
		Release|Any CPU = Release|Any CPU
	EndGlobalSection
	GlobalSection(ProjectConfigurationPlatforms) = postSolution
		{B750CA5E-28CB-42F6-A883-7E28D8555F90}.Debug|Any CPU.ActiveCfg = Debug|Any CPU
		{B750CA5E-28CB-42F6-A883-7E28D8555F90}.Debug|Any CPU.Build.0 = Debug|Any CPU
		{B750CA5E-28CB-42F6-A883-7E28D8555F90}.Release|Any CPU.ActiveCfg = Release|Any CPU
		{B750CA5E-28CB-42F6-A883-7E28D8555F90}.Release|Any CPU.Build.0 = Release|Any CPU
		{30273845-0036-420F-A2CC-ED9BC7FCB2C4}.Debug|Any CPU.ActiveCfg = Debug|Any CPU
		{30273845-0036-420F-A2CC-ED9BC7FCB2C4}.Debug|Any CPU.Build.0 = Debug|Any CPU
		{30273845-0036-420F-A2CC-ED9BC7FCB2C4}.Release|Any CPU.ActiveCfg = Release|Any CPU
		{30273845-0036-420F-A2CC-ED9BC7FCB2C4}.Release|Any CPU.Build.0 = Release|Any CPU
	EndGlobalSection
	GlobalSection(SolutionProperties) = preSolution
		HideSolutionNode = FALSE
	EndGlobalSection
	GlobalSection(ExtensibilityGlobals) = postSolution
		SolutionGuid = {0A2EBA0E-ED8E-4149-B362-5AE2B00C6C85}
	EndGlobalSection
EndGlobal
